
Microsoft Visual Studio Solution File, Format Version 12.00
# Visual Studio Version 16
VisualStudioVersion = 16.0.33130.400
MinimumVisualStudioVersion = 10.0.40219.1
Project("{FAE04EC0-301F-11D3-BF4B-00C04F79EFBC}") = "HomeWork11", "HomeWork11.csproj", "{5396E595-C6D7-42DD-9535-9AE08BE0F62E}"
EndProject
Global
	GlobalSection(SolutionConfigurationPlatforms) = preSolution
		Debug|Any CPU = Debug|Any CPU
		Release|Any CPU = Release|Any CPU
	EndGlobalSection
	GlobalSection(ProjectConfigurationPlatforms) = postSolution
		{5396E595-C6D7-42DD-9535-9AE08BE0F62E}.Debug|Any CPU.ActiveCfg = Debug|Any CPU
		{5396E595-C6D7-42DD-9535-9AE08BE0F62E}.Debug|Any CPU.Build.0 = Debug|Any CPU
		{5396E595-C6D7-42DD-9535-9AE08BE0F62E}.Release|Any CPU.ActiveCfg = Release|Any CPU
		{5396E595-C6D7-42DD-9535-9AE08BE0F62E}.Release|Any CPU.Build.0 = Release|Any CPU
	EndGlobalSection
	GlobalSection(SolutionProperties) = preSolution
		HideSolutionNode = FALSE
	EndGlobalSection
	GlobalSection(ExtensibilityGlobals) = postSolution
		SolutionGuid = {3EF18D7D-E925-48F6-95D2-56C3BFCB750D}
	EndGlobalSection
EndGlobal
