
Microsoft Visual Studio Solution File, Format Version 12.00
# Visual Studio Version 16
VisualStudioVersion = 16.0.33130.400
MinimumVisualStudioVersion = 10.0.40219.1
Project("{FAE04EC0-301F-11D3-BF4B-00C04F79EFBC}") = "HomeWork6", "HomeWork6.csproj", "{F3DCAABA-7859-4442-B5D5-332CE5E3376B}"
EndProject
Global
	GlobalSection(SolutionConfigurationPlatforms) = preSolution
		Debug|Any CPU = Debug|Any CPU
		Release|Any CPU = Release|Any CPU
	EndGlobalSection
	GlobalSection(ProjectConfigurationPlatforms) = postSolution
		{F3DCAABA-7859-4442-B5D5-332CE5E3376B}.Debug|Any CPU.ActiveCfg = Debug|Any CPU
		{F3DCAABA-7859-4442-B5D5-332CE5E3376B}.Debug|Any CPU.Build.0 = Debug|Any CPU
		{F3DCAABA-7859-4442-B5D5-332CE5E3376B}.Release|Any CPU.ActiveCfg = Release|Any CPU
		{F3DCAABA-7859-4442-B5D5-332CE5E3376B}.Release|Any CPU.Build.0 = Release|Any CPU
	EndGlobalSection
	GlobalSection(SolutionProperties) = preSolution
		HideSolutionNode = FALSE
	EndGlobalSection
	GlobalSection(ExtensibilityGlobals) = postSolution
		SolutionGuid = {C50581D8-530A-47A4-B522-8173E4C6B418}
	EndGlobalSection
EndGlobal
