
Microsoft Visual Studio Solution File, Format Version 12.00
# Visual Studio Version 16
VisualStudioVersion = 16.0.33130.400
MinimumVisualStudioVersion = 10.0.40219.1
Project("{FAE04EC0-301F-11D3-BF4B-00C04F79EFBC}") = "HomeWork1", "HomeWork1.csproj", "{10E2268E-9E49-4341-ADE4-6C9F543A335F}"
EndProject
Global
	GlobalSection(SolutionConfigurationPlatforms) = preSolution
		Debug|Any CPU = Debug|Any CPU
		Release|Any CPU = Release|Any CPU
	EndGlobalSection
	GlobalSection(ProjectConfigurationPlatforms) = postSolution
		{10E2268E-9E49-4341-ADE4-6C9F543A335F}.Debug|Any CPU.ActiveCfg = Debug|Any CPU
		{10E2268E-9E49-4341-ADE4-6C9F543A335F}.Debug|Any CPU.Build.0 = Debug|Any CPU
		{10E2268E-9E49-4341-ADE4-6C9F543A335F}.Release|Any CPU.ActiveCfg = Release|Any CPU
		{10E2268E-9E49-4341-ADE4-6C9F543A335F}.Release|Any CPU.Build.0 = Release|Any CPU
	EndGlobalSection
	GlobalSection(SolutionProperties) = preSolution
		HideSolutionNode = FALSE
	EndGlobalSection
	GlobalSection(ExtensibilityGlobals) = postSolution
		SolutionGuid = {5504E05C-CB84-4374-95B4-293A56E896C8}
	EndGlobalSection
EndGlobal
