
Microsoft Visual Studio Solution File, Format Version 12.00
# Visual Studio Version 16
VisualStudioVersion = 16.0.34114.132
MinimumVisualStudioVersion = 10.0.40219.1
Project("{FAE04EC0-301F-11D3-BF4B-00C04F79EFBC}") = "DBFirstApp", "DBFirstApp.csproj", "{89DF7C31-7E84-448B-A820-8061E4566136}"
EndProject
Global
	GlobalSection(SolutionConfigurationPlatforms) = preSolution
		Debug|Any CPU = Debug|Any CPU
		Release|Any CPU = Release|Any CPU
	EndGlobalSection
	GlobalSection(ProjectConfigurationPlatforms) = postSolution
		{89DF7C31-7E84-448B-A820-8061E4566136}.Debug|Any CPU.ActiveCfg = Debug|Any CPU
		{89DF7C31-7E84-448B-A820-8061E4566136}.Debug|Any CPU.Build.0 = Debug|Any CPU
		{89DF7C31-7E84-448B-A820-8061E4566136}.Release|Any CPU.ActiveCfg = Release|Any CPU
		{89DF7C31-7E84-448B-A820-8061E4566136}.Release|Any CPU.Build.0 = Release|Any CPU
	EndGlobalSection
	GlobalSection(SolutionProperties) = preSolution
		HideSolutionNode = FALSE
	EndGlobalSection
	GlobalSection(ExtensibilityGlobals) = postSolution
		SolutionGuid = {C7C5A9A8-7622-48FD-A098-A39D16D92BBA}
	EndGlobalSection
EndGlobal
