
Microsoft Visual Studio Solution File, Format Version 12.00
# Visual Studio Version 16
VisualStudioVersion = 16.0.32630.194
MinimumVisualStudioVersion = 10.0.40219.1
Project("{FAE04EC0-301F-11D3-BF4B-00C04F79EFBC}") = "Delegate", "Delegate.csproj", "{B60E2291-2856-4C49-B318-0B7C96548630}"
EndProject
Global
	GlobalSection(SolutionConfigurationPlatforms) = preSolution
		Debug|Any CPU = Debug|Any CPU
		Release|Any CPU = Release|Any CPU
	EndGlobalSection
	GlobalSection(ProjectConfigurationPlatforms) = postSolution
		{B60E2291-2856-4C49-B318-0B7C96548630}.Debug|Any CPU.ActiveCfg = Debug|Any CPU
		{B60E2291-2856-4C49-B318-0B7C96548630}.Debug|Any CPU.Build.0 = Debug|Any CPU
		{B60E2291-2856-4C49-B318-0B7C96548630}.Release|Any CPU.ActiveCfg = Release|Any CPU
		{B60E2291-2856-4C49-B318-0B7C96548630}.Release|Any CPU.Build.0 = Release|Any CPU
	EndGlobalSection
	GlobalSection(SolutionProperties) = preSolution
		HideSolutionNode = FALSE
	EndGlobalSection
	GlobalSection(ExtensibilityGlobals) = postSolution
		SolutionGuid = {DC41A90F-16F2-468E-9146-2D8DFF536AF2}
	EndGlobalSection
EndGlobal
