
Microsoft Visual Studio Solution File, Format Version 12.00
# Visual Studio Version 16
VisualStudioVersion = 16.0.33130.400
MinimumVisualStudioVersion = 10.0.40219.1
Project("{FAE04EC0-301F-11D3-BF4B-00C04F79EFBC}") = "HomeWork3", "HomeWork3.csproj", "{85B82C7A-5D1D-424B-928A-CF842866DFE6}"
EndProject
Global
	GlobalSection(SolutionConfigurationPlatforms) = preSolution
		Debug|Any CPU = Debug|Any CPU
		Release|Any CPU = Release|Any CPU
	EndGlobalSection
	GlobalSection(ProjectConfigurationPlatforms) = postSolution
		{85B82C7A-5D1D-424B-928A-CF842866DFE6}.Debug|Any CPU.ActiveCfg = Debug|Any CPU
		{85B82C7A-5D1D-424B-928A-CF842866DFE6}.Debug|Any CPU.Build.0 = Debug|Any CPU
		{85B82C7A-5D1D-424B-928A-CF842866DFE6}.Release|Any CPU.ActiveCfg = Release|Any CPU
		{85B82C7A-5D1D-424B-928A-CF842866DFE6}.Release|Any CPU.Build.0 = Release|Any CPU
	EndGlobalSection
	GlobalSection(SolutionProperties) = preSolution
		HideSolutionNode = FALSE
	EndGlobalSection
	GlobalSection(ExtensibilityGlobals) = postSolution
		SolutionGuid = {36F3DB05-A6F1-494B-9FD2-10D158915CF9}
	EndGlobalSection
EndGlobal
