
Microsoft Visual Studio Solution File, Format Version 12.00
# Visual Studio Version 16
VisualStudioVersion = 16.0.33130.400
MinimumVisualStudioVersion = 10.0.40219.1
Project("{FAE04EC0-301F-11D3-BF4B-00C04F79EFBC}") = "HomeWork16", "HomeWork16.csproj", "{2395C319-9EAB-4B84-B250-0717EF9E8B8E}"
EndProject
Global
	GlobalSection(SolutionConfigurationPlatforms) = preSolution
		Debug|Any CPU = Debug|Any CPU
		Release|Any CPU = Release|Any CPU
	EndGlobalSection
	GlobalSection(ProjectConfigurationPlatforms) = postSolution
		{2395C319-9EAB-4B84-B250-0717EF9E8B8E}.Debug|Any CPU.ActiveCfg = Debug|Any CPU
		{2395C319-9EAB-4B84-B250-0717EF9E8B8E}.Debug|Any CPU.Build.0 = Debug|Any CPU
		{2395C319-9EAB-4B84-B250-0717EF9E8B8E}.Release|Any CPU.ActiveCfg = Release|Any CPU
		{2395C319-9EAB-4B84-B250-0717EF9E8B8E}.Release|Any CPU.Build.0 = Release|Any CPU
	EndGlobalSection
	GlobalSection(SolutionProperties) = preSolution
		HideSolutionNode = FALSE
	EndGlobalSection
	GlobalSection(ExtensibilityGlobals) = postSolution
		SolutionGuid = {A314A252-8E66-4852-8720-EF30B4C8DD91}
	EndGlobalSection
EndGlobal
