
Microsoft Visual Studio Solution File, Format Version 12.00
# Visual Studio Version 16
VisualStudioVersion = 16.0.34114.132
MinimumVisualStudioVersion = 10.0.40219.1
Project("{FAE04EC0-301F-11D3-BF4B-00C04F79EFBC}") = "FirstMvc5App", "FirstMvc5App.csproj", "{8EFE483C-C89D-4867-A9A8-D7DAB15E4DBC}"
EndProject
Global
	GlobalSection(SolutionConfigurationPlatforms) = preSolution
		Debug|Any CPU = Debug|Any CPU
		Release|Any CPU = Release|Any CPU
	EndGlobalSection
	GlobalSection(ProjectConfigurationPlatforms) = postSolution
		{8EFE483C-C89D-4867-A9A8-D7DAB15E4DBC}.Debug|Any CPU.ActiveCfg = Debug|Any CPU
		{8EFE483C-C89D-4867-A9A8-D7DAB15E4DBC}.Debug|Any CPU.Build.0 = Debug|Any CPU
		{8EFE483C-C89D-4867-A9A8-D7DAB15E4DBC}.Release|Any CPU.ActiveCfg = Release|Any CPU
		{8EFE483C-C89D-4867-A9A8-D7DAB15E4DBC}.Release|Any CPU.Build.0 = Release|Any CPU
	EndGlobalSection
	GlobalSection(SolutionProperties) = preSolution
		HideSolutionNode = FALSE
	EndGlobalSection
	GlobalSection(ExtensibilityGlobals) = postSolution
		SolutionGuid = {1461EAEC-0F9D-46FC-88D5-2263C24D9271}
	EndGlobalSection
EndGlobal
